Microsoft Visual Studio Solution File, Format Version 12.00
# Visual Studio 15
VisualStudioVersion = 15.0.26020.0
MinimumVisualStudioVersion = 10.0.40219.1
Project("{2150E333-8FDC-42A3-9474-1A3956D46DE8}") = "Libraries", "Libraries", "{CF873929-CE4F-4032-8D20-BF30BECF6053}"
EndProject
Project("{FAE04EC0-301F-11D3-BF4B-00C04F79EFBC}") = "ShomreiTorah.Journal", "ShomreiTorah.Journal.csproj", "{106AD9A0-F555-4B18-87FC-40B57B413D08}"
EndProject
Project("{FAE04EC0-301F-11D3-BF4B-00C04F79EFBC}") = "ShomreiTorah.Common", "..\..\Libraries\ShomreiTorah.Common\ShomreiTorah.Common.csproj", "{1308A6E1-7787-49F6-A19C-8AF327DAF9B5}"
EndProject
Project("{FAE04EC0-301F-11D3-BF4B-00C04F79EFBC}") = "ShomreiTorah.WinForms", "..\..\Libraries\ShomreiTorah.WinForms\ShomreiTorah.WinForms.csproj", "{0B927F97-8CDD-47CB-B775-CA1E0AB2409C}"
EndProject
Project("{FAE04EC0-301F-11D3-BF4B-00C04F79EFBC}") = "ShomreiTorah.Data", "..\..\Libraries\ShomreiTorah.Data\ShomreiTorah.Data.csproj", "{88D62EF0-7A6C-403E-80EF-6CEFE734DD53}"
EndProject
Project("{FAE04EC0-301F-11D3-BF4B-00C04F79EFBC}") = "ShomreiTorah.Singularity", "..\..\Libraries\ShomreiTorah.Singularity\ShomreiTorah.Singularity.csproj", "{53C1A3A0-B443-4C28-895B-5E4DFE803A1C}"
EndProject
Project("{FAE04EC0-301F-11D3-BF4B-00C04F79EFBC}") = "ShomreiTorah.Data.UI", "..\..\Libraries\ShomreiTorah.Data.UI\ShomreiTorah.Data.UI.csproj", "{43AD72A0-F262-4561-B5C4-2686AE0B5E03}"
EndProject
Project("{FAE04EC0-301F-11D3-BF4B-00C04F79EFBC}") = "ShomreiTorah.Billing.Contract", "..\Billing\ShomreiTorah.Billing.Contract\ShomreiTorah.Billing.Contract.csproj", "{0FD81DCB-CCB0-4625-94BD-A8E4A541D2BA}"
EndProject
Project("{FAE04EC0-301F-11D3-BF4B-00C04F79EFBC}") = "ShomreiTorah.Billing.PaymentImport", "..\Billing\ShomreiTorah.Billing.PaymentImport\ShomreiTorah.Billing.PaymentImport.csproj", "{54EC8743-10F2-4BE0-9EB4-E8523185C269}"
EndProject
Global
	GlobalSection(SolutionConfigurationPlatforms) = preSolution
		Debug|Any CPU = Debug|Any CPU
		Release|Any CPU = Release|Any CPU
	EndGlobalSection
	GlobalSection(ProjectConfigurationPlatforms) = postSolution
		{106AD9A0-F555-4B18-87FC-40B57B413D08}.Debug|Any CPU.ActiveCfg = Debug|Any CPU
		{106AD9A0-F555-4B18-87FC-40B57B413D08}.Debug|Any CPU.Build.0 = Debug|Any CPU
		{106AD9A0-F555-4B18-87FC-40B57B413D08}.Release|Any CPU.ActiveCfg = Release|Any CPU
		{106AD9A0-F555-4B18-87FC-40B57B413D08}.Release|Any CPU.Build.0 = Release|Any CPU
		{1308A6E1-7787-49F6-A19C-8AF327DAF9B5}.Debug|Any CPU.ActiveCfg = Debug|Any CPU
		{1308A6E1-7787-49F6-A19C-8AF327DAF9B5}.Debug|Any CPU.Build.0 = Debug|Any CPU
		{1308A6E1-7787-49F6-A19C-8AF327DAF9B5}.Release|Any CPU.ActiveCfg = Release|Any CPU
		{1308A6E1-7787-49F6-A19C-8AF327DAF9B5}.Release|Any CPU.Build.0 = Release|Any CPU
		{0B927F97-8CDD-47CB-B775-CA1E0AB2409C}.Debug|Any CPU.ActiveCfg = Debug|Any CPU
		{0B927F97-8CDD-47CB-B775-CA1E0AB2409C}.Debug|Any CPU.Build.0 = Debug|Any CPU
		{0B927F97-8CDD-47CB-B775-CA1E0AB2409C}.Release|Any CPU.ActiveCfg = Release|Any CPU
		{0B927F97-8CDD-47CB-B775-CA1E0AB2409C}.Release|Any CPU.Build.0 = Release|Any CPU
		{88D62EF0-7A6C-403E-80EF-6CEFE734DD53}.Debug|Any CPU.ActiveCfg = Debug|Any CPU
		{88D62EF0-7A6C-403E-80EF-6CEFE734DD53}.Debug|Any CPU.Build.0 = Debug|Any CPU
		{88D62EF0-7A6C-403E-80EF-6CEFE734DD53}.Release|Any CPU.ActiveCfg = Release|Any CPU
		{88D62EF0-7A6C-403E-80EF-6CEFE734DD53}.Release|Any CPU.Build.0 = Release|Any CPU
		{53C1A3A0-B443-4C28-895B-5E4DFE803A1C}.Debug|Any CPU.ActiveCfg = Debug|Any CPU
		{53C1A3A0-B443-4C28-895B-5E4DFE803A1C}.Debug|Any CPU.Build.0 = Debug|Any CPU
		{53C1A3A0-B443-4C28-895B-5E4DFE803A1C}.Release|Any CPU.ActiveCfg = Release|Any CPU
		{53C1A3A0-B443-4C28-895B-5E4DFE803A1C}.Release|Any CPU.Build.0 = Release|Any CPU
		{43AD72A0-F262-4561-B5C4-2686AE0B5E03}.Debug|Any CPU.ActiveCfg = Debug|Any CPU
		{43AD72A0-F262-4561-B5C4-2686AE0B5E03}.Debug|Any CPU.Build.0 = Debug|Any CPU
		{43AD72A0-F262-4561-B5C4-2686AE0B5E03}.Release|Any CPU.ActiveCfg = Release|Any CPU
		{43AD72A0-F262-4561-B5C4-2686AE0B5E03}.Release|Any CPU.Build.0 = Release|Any CPU
		{0FD81DCB-CCB0-4625-94BD-A8E4A541D2BA}.Debug|Any CPU.ActiveCfg = Debug|Any CPU
		{0FD81DCB-CCB0-4625-94BD-A8E4A541D2BA}.Debug|Any CPU.Build.0 = Debug|Any CPU
		{0FD81DCB-CCB0-4625-94BD-A8E4A541D2BA}.Release|Any CPU.ActiveCfg = Release|Any CPU
		{0FD81DCB-CCB0-4625-94BD-A8E4A541D2BA}.Release|Any CPU.Build.0 = Release|Any CPU
		{54EC8743-10F2-4BE0-9EB4-E8523185C269}.Debug|Any CPU.ActiveCfg = Debug|Any CPU
		{54EC8743-10F2-4BE0-9EB4-E8523185C269}.Debug|Any CPU.Build.0 = Debug|Any CPU
		{54EC8743-10F2-4BE0-9EB4-E8523185C269}.Release|Any CPU.ActiveCfg = Release|Any CPU
		{54EC8743-10F2-4BE0-9EB4-E8523185C269}.Release|Any CPU.Build.0 = Release|Any CPU
	EndGlobalSection
	GlobalSection(SolutionProperties) = preSolution
		HideSolutionNode = FALSE
	EndGlobalSection
	GlobalSection(NestedProjects) = preSolution
		{1308A6E1-7787-49F6-A19C-8AF327DAF9B5} = {CF873929-CE4F-4032-8D20-BF30BECF6053}
		{0B927F97-8CDD-47CB-B775-CA1E0AB2409C} = {CF873929-CE4F-4032-8D20-BF30BECF6053}
		{88D62EF0-7A6C-403E-80EF-6CEFE734DD53} = {CF873929-CE4F-4032-8D20-BF30BECF6053}
		{53C1A3A0-B443-4C28-895B-5E4DFE803A1C} = {CF873929-CE4F-4032-8D20-BF30BECF6053}
		{43AD72A0-F262-4561-B5C4-2686AE0B5E03} = {CF873929-CE4F-4032-8D20-BF30BECF6053}
	EndGlobalSection
EndGlobal
