
Microsoft Visual Studio Solution File, Format Version 11.00
# Visual Studio 2010
Project("{FAE04EC0-301F-11D3-BF4B-00C04F79EFBC}") = "ShomreiTorah.Journal", "ShomreiTorah.Journal.csproj", "{106AD9A0-F555-4B18-87FC-40B57B413D08}"
EndProject
Global
	GlobalSection(SourceCodeControl) = preSolution
		SccNumberOfProjects = 2
		SccLocalPath0 = .
		SccProjectUniqueName1 = ShomreiTorah.Journal.csproj
		SccLocalPath1 = .
	EndGlobalSection
	GlobalSection(SolutionConfigurationPlatforms) = preSolution
		Debug|Any CPU = Debug|Any CPU
		Release|Any CPU = Release|Any CPU
	EndGlobalSection
	GlobalSection(ProjectConfigurationPlatforms) = postSolution
		{106AD9A0-F555-4B18-87FC-40B57B413D08}.Debug|Any CPU.ActiveCfg = Debug|Any CPU
		{106AD9A0-F555-4B18-87FC-40B57B413D08}.Debug|Any CPU.Build.0 = Debug|Any CPU
		{106AD9A0-F555-4B18-87FC-40B57B413D08}.Release|Any CPU.ActiveCfg = Release|Any CPU
		{106AD9A0-F555-4B18-87FC-40B57B413D08}.Release|Any CPU.Build.0 = Release|Any CPU
	EndGlobalSection
	GlobalSection(SolutionProperties) = preSolution
		HideSolutionNode = FALSE
	EndGlobalSection
EndGlobal
